
Microsoft Visual Studio Solution File, Format Version 12.00
Project("{FAE04EC0-301F-11D3-BF4B-00C04F79EFBC}") = "AvIntegrationSoftware", "AvIntegrationSoftware\AvIntegrationSoftware.csproj", "{6BD0E39E-2A12-4795-8D6A-E398128319A1}"
EndProject
Project("{FAE04EC0-301F-11D3-BF4B-00C04F79EFBC}") = "MasCommon", "MasCommon\MasCommon.csproj", "{48227CBD-B65D-450D-AA56-67BA1C484F3C}"
EndProject
Project("{FAE04EC0-301F-11D3-BF4B-00C04F79EFBC}") = "AvDeviceManager", "AvDeviceManager\AvDeviceManager.csproj", "{38245A75-BD81-474A-AAE6-18A1D4BFB8ED}"
EndProject
Project("{FAE04EC0-301F-11D3-BF4B-00C04F79EFBC}") = "AvControlPanel", "AvControlPanel\AvControlPanel.csproj", "{BB3C891E-4142-495E-B07D-4BD1B2FBCC5A}"
EndProject
Global
	GlobalSection(SolutionConfigurationPlatforms) = preSolution
		Debug|Any CPU = Debug|Any CPU
		Release|Any CPU = Release|Any CPU
	EndGlobalSection
	GlobalSection(ProjectConfigurationPlatforms) = postSolution
		{6BD0E39E-2A12-4795-8D6A-E398128319A1}.Debug|Any CPU.ActiveCfg = Debug|Any CPU
		{6BD0E39E-2A12-4795-8D6A-E398128319A1}.Debug|Any CPU.Build.0 = Debug|Any CPU
		{6BD0E39E-2A12-4795-8D6A-E398128319A1}.Release|Any CPU.ActiveCfg = Release|Any CPU
		{6BD0E39E-2A12-4795-8D6A-E398128319A1}.Release|Any CPU.Build.0 = Release|Any CPU
		{48227CBD-B65D-450D-AA56-67BA1C484F3C}.Debug|Any CPU.ActiveCfg = Debug|Any CPU
		{48227CBD-B65D-450D-AA56-67BA1C484F3C}.Debug|Any CPU.Build.0 = Debug|Any CPU
		{48227CBD-B65D-450D-AA56-67BA1C484F3C}.Release|Any CPU.ActiveCfg = Release|Any CPU
		{48227CBD-B65D-450D-AA56-67BA1C484F3C}.Release|Any CPU.Build.0 = Release|Any CPU
		{38245A75-BD81-474A-AAE6-18A1D4BFB8ED}.Debug|Any CPU.ActiveCfg = Debug|Any CPU
		{38245A75-BD81-474A-AAE6-18A1D4BFB8ED}.Debug|Any CPU.Build.0 = Debug|Any CPU
		{38245A75-BD81-474A-AAE6-18A1D4BFB8ED}.Release|Any CPU.ActiveCfg = Release|Any CPU
		{38245A75-BD81-474A-AAE6-18A1D4BFB8ED}.Release|Any CPU.Build.0 = Release|Any CPU
		{BB3C891E-4142-495E-B07D-4BD1B2FBCC5A}.Debug|Any CPU.ActiveCfg = Debug|Any CPU
		{BB3C891E-4142-495E-B07D-4BD1B2FBCC5A}.Debug|Any CPU.Build.0 = Debug|Any CPU
		{BB3C891E-4142-495E-B07D-4BD1B2FBCC5A}.Release|Any CPU.ActiveCfg = Release|Any CPU
		{BB3C891E-4142-495E-B07D-4BD1B2FBCC5A}.Release|Any CPU.Build.0 = Release|Any CPU
	EndGlobalSection
EndGlobal
